
Microsoft Visual Studio Solution File, Format Version 12.00
# Visual Studio 15
VisualStudioVersion = 15.0.28010.2046
MinimumVisualStudioVersion = 10.0.40219.1
Project("{FAE04EC0-301F-11D3-BF4B-00C04F79EFBC}") = "ConsoleAp62", "ConsoleAp62\ConsoleAp62.csproj", "{BC5DBC53-6861-413E-AF75-8ABA6ED512BC}"
EndProject
Global
	GlobalSection(SolutionConfigurationPlatforms) = preSolution
		Debug|Any CPU = Debug|Any CPU
		Release|Any CPU = Release|Any CPU
	EndGlobalSection
	GlobalSection(ProjectConfigurationPlatforms) = postSolution
		{BC5DBC53-6861-413E-AF75-8ABA6ED512BC}.Debug|Any CPU.ActiveCfg = Debug|Any CPU
		{BC5DBC53-6861-413E-AF75-8ABA6ED512BC}.Debug|Any CPU.Build.0 = Debug|Any CPU
		{BC5DBC53-6861-413E-AF75-8ABA6ED512BC}.Release|Any CPU.ActiveCfg = Release|Any CPU
		{BC5DBC53-6861-413E-AF75-8ABA6ED512BC}.Release|Any CPU.Build.0 = Release|Any CPU
	EndGlobalSection
	GlobalSection(SolutionProperties) = preSolution
		HideSolutionNode = FALSE
	EndGlobalSection
	GlobalSection(ExtensibilityGlobals) = postSolution
		SolutionGuid = {87939521-92C5-4310-9079-0C6B80371883}
	EndGlobalSection
EndGlobal
